Microsoft Visual Studio Solution File, Format Version 12.00
# Visual Studio Version 17
VisualStudioVersion = 17.0.31903.59
MinimumVisualStudioVersion = 10.0.40219.1
Project("{2150E333-8FDC-42A3-9474-1A3956D46DE8}") = "src", "src", "{827E0CD3-B72D-47B6-A68D-7590B98EB39B}"
EndProject
Project("{2150E333-8FDC-42A3-9474-1A3956D46DE8}") = "Domains", "Domains", "{55B8E2B3-FCE6-896E-E028-E6393D6A9606}"
EndProject
Project("{2150E333-8FDC-42A3-9474-1A3956D46DE8}") = "FinanceDomain", "FinanceDomain", "{8FBF9772-F02F-8003-AB81-2B9B1971CB8D}"
EndProject
Project("{FAE04EC0-301F-11D3-BF4B-00C04F79EFBC}") = "LearningCSharp.Domains.FinanceDomain.Dtos", "src\Domains\FinanceDomain\LearningCSharp.Domains.FinanceDomain.Dtos\LearningCSharp.Domains.FinanceDomain.Dtos.csproj", "{55F8B331-A052-4EFE-9B0E-4ABB6492D07B}"
EndProject
Project("{2150E333-8FDC-42A3-9474-1A3956D46DE8}") = "LogisticsDomain", "LogisticsDomain", "{C4D0AF0A-E49B-0E75-845F-CB1798838E84}"
EndProject
Project("{FAE04EC0-301F-11D3-BF4B-00C04F79EFBC}") = "LearningCSharp.Domains.LogisticsDomain.Dtos", "src\Domains\LogisticsDomain\LearningCSharp.Domains.LogisticsDomain.Dtos\LearningCSharp.Domains.LogisticsDomain.Dtos.csproj", "{943314E8-12E8-423D-B6CC-D6411CD12931}"
EndProject
Project("{2150E333-8FDC-42A3-9474-1A3956D46DE8}") = "HumanResourcesDomain", "HumanResourcesDomain", "{6B0F4C0E-C505-C2B5-496E-0CB4EBB333F0}"
EndProject
Project("{FAE04EC0-301F-11D3-BF4B-00C04F79EFBC}") = "LearningCSharp.Domains.HumanResourcesDomain.Dtos", "src\Domains\HumanResourcesDomain\LearningCSharp.Domains.HumanResourcesDomain.Dtos\LearningCSharp.Domains.HumanResourcesDomain.Dtos.csproj", "{B177BAC7-8107-4597-8680-16D7ED1B317A}"
EndProject
Project("{FAE04EC0-301F-11D3-BF4B-00C04F79EFBC}") = "LearningCSharp.Domains.FinanceDomain.Persistence", "src\Domains\FinanceDomain\LearningCSharp.Domains.FinanceDomain.Persistence\LearningCSharp.Domains.FinanceDomain.Persistence.csproj", "{9DAD1ED1-C8DE-4829-8170-3676E9189A5E}"
EndProject
Global
	GlobalSection(SolutionConfigurationPlatforms) = preSolution
		Debug|Any CPU = Debug|Any CPU
		Debug|x64 = Debug|x64
		Debug|x86 = Debug|x86
		Release|Any CPU = Release|Any CPU
		Release|x64 = Release|x64
		Release|x86 = Release|x86
	EndGlobalSection
	GlobalSection(ProjectConfigurationPlatforms) = postSolution
		{55F8B331-A052-4EFE-9B0E-4ABB6492D07B}.Debug|Any CPU.ActiveCfg = Debug|Any CPU
		{55F8B331-A052-4EFE-9B0E-4ABB6492D07B}.Debug|Any CPU.Build.0 = Debug|Any CPU
		{55F8B331-A052-4EFE-9B0E-4ABB6492D07B}.Debug|x64.ActiveCfg = Debug|Any CPU
		{55F8B331-A052-4EFE-9B0E-4ABB6492D07B}.Debug|x64.Build.0 = Debug|Any CPU
		{55F8B331-A052-4EFE-9B0E-4ABB6492D07B}.Debug|x86.ActiveCfg = Debug|Any CPU
		{55F8B331-A052-4EFE-9B0E-4ABB6492D07B}.Debug|x86.Build.0 = Debug|Any CPU
		{55F8B331-A052-4EFE-9B0E-4ABB6492D07B}.Release|Any CPU.ActiveCfg = Release|Any CPU
		{55F8B331-A052-4EFE-9B0E-4ABB6492D07B}.Release|Any CPU.Build.0 = Release|Any CPU
		{55F8B331-A052-4EFE-9B0E-4ABB6492D07B}.Release|x64.ActiveCfg = Release|Any CPU
		{55F8B331-A052-4EFE-9B0E-4ABB6492D07B}.Release|x64.Build.0 = Release|Any CPU
		{55F8B331-A052-4EFE-9B0E-4ABB6492D07B}.Release|x86.ActiveCfg = Release|Any CPU
		{55F8B331-A052-4EFE-9B0E-4ABB6492D07B}.Release|x86.Build.0 = Release|Any CPU
		{943314E8-12E8-423D-B6CC-D6411CD12931}.Debug|Any CPU.ActiveCfg = Debug|Any CPU
		{943314E8-12E8-423D-B6CC-D6411CD12931}.Debug|Any CPU.Build.0 = Debug|Any CPU
		{943314E8-12E8-423D-B6CC-D6411CD12931}.Debug|x64.ActiveCfg = Debug|Any CPU
		{943314E8-12E8-423D-B6CC-D6411CD12931}.Debug|x64.Build.0 = Debug|Any CPU
		{943314E8-12E8-423D-B6CC-D6411CD12931}.Debug|x86.ActiveCfg = Debug|Any CPU
		{943314E8-12E8-423D-B6CC-D6411CD12931}.Debug|x86.Build.0 = Debug|Any CPU
		{943314E8-12E8-423D-B6CC-D6411CD12931}.Release|Any CPU.ActiveCfg = Release|Any CPU
		{943314E8-12E8-423D-B6CC-D6411CD12931}.Release|Any CPU.Build.0 = Release|Any CPU
		{943314E8-12E8-423D-B6CC-D6411CD12931}.Release|x64.ActiveCfg = Release|Any CPU
		{943314E8-12E8-423D-B6CC-D6411CD12931}.Release|x64.Build.0 = Release|Any CPU
		{943314E8-12E8-423D-B6CC-D6411CD12931}.Release|x86.ActiveCfg = Release|Any CPU
		{943314E8-12E8-423D-B6CC-D6411CD12931}.Release|x86.Build.0 = Release|Any CPU
		{B177BAC7-8107-4597-8680-16D7ED1B317A}.Debug|Any CPU.ActiveCfg = Debug|Any CPU
		{B177BAC7-8107-4597-8680-16D7ED1B317A}.Debug|Any CPU.Build.0 = Debug|Any CPU
		{B177BAC7-8107-4597-8680-16D7ED1B317A}.Debug|x64.ActiveCfg = Debug|Any CPU
		{B177BAC7-8107-4597-8680-16D7ED1B317A}.Debug|x64.Build.0 = Debug|Any CPU
		{B177BAC7-8107-4597-8680-16D7ED1B317A}.Debug|x86.ActiveCfg = Debug|Any CPU
		{B177BAC7-8107-4597-8680-16D7ED1B317A}.Debug|x86.Build.0 = Debug|Any CPU
		{B177BAC7-8107-4597-8680-16D7ED1B317A}.Release|Any CPU.ActiveCfg = Release|Any CPU
		{B177BAC7-8107-4597-8680-16D7ED1B317A}.Release|Any CPU.Build.0 = Release|Any CPU
		{B177BAC7-8107-4597-8680-16D7ED1B317A}.Release|x64.ActiveCfg = Release|Any CPU
		{B177BAC7-8107-4597-8680-16D7ED1B317A}.Release|x64.Build.0 = Release|Any CPU
		{B177BAC7-8107-4597-8680-16D7ED1B317A}.Release|x86.ActiveCfg = Release|Any CPU
		{B177BAC7-8107-4597-8680-16D7ED1B317A}.Release|x86.Build.0 = Release|Any CPU
		{9DAD1ED1-C8DE-4829-8170-3676E9189A5E}.Debug|Any CPU.ActiveCfg = Debug|Any CPU
		{9DAD1ED1-C8DE-4829-8170-3676E9189A5E}.Debug|Any CPU.Build.0 = Debug|Any CPU
		{9DAD1ED1-C8DE-4829-8170-3676E9189A5E}.Debug|x64.ActiveCfg = Debug|Any CPU
		{9DAD1ED1-C8DE-4829-8170-3676E9189A5E}.Debug|x64.Build.0 = Debug|Any CPU
		{9DAD1ED1-C8DE-4829-8170-3676E9189A5E}.Debug|x86.ActiveCfg = Debug|Any CPU
		{9DAD1ED1-C8DE-4829-8170-3676E9189A5E}.Debug|x86.Build.0 = Debug|Any CPU
		{9DAD1ED1-C8DE-4829-8170-3676E9189A5E}.Release|Any CPU.ActiveCfg = Release|Any CPU
		{9DAD1ED1-C8DE-4829-8170-3676E9189A5E}.Release|Any CPU.Build.0 = Release|Any CPU
		{9DAD1ED1-C8DE-4829-8170-3676E9189A5E}.Release|x64.ActiveCfg = Release|Any CPU
		{9DAD1ED1-C8DE-4829-8170-3676E9189A5E}.Release|x64.Build.0 = Release|Any CPU
		{9DAD1ED1-C8DE-4829-8170-3676E9189A5E}.Release|x86.ActiveCfg = Release|Any CPU
		{9DAD1ED1-C8DE-4829-8170-3676E9189A5E}.Release|x86.Build.0 = Release|Any CPU
	EndGlobalSection
	GlobalSection(SolutionProperties) = preSolution
		HideSolutionNode = FALSE
	EndGlobalSection
	GlobalSection(NestedProjects) = preSolution
		{55B8E2B3-FCE6-896E-E028-E6393D6A9606} = {827E0CD3-B72D-47B6-A68D-7590B98EB39B}
		{8FBF9772-F02F-8003-AB81-2B9B1971CB8D} = {55B8E2B3-FCE6-896E-E028-E6393D6A9606}
		{55F8B331-A052-4EFE-9B0E-4ABB6492D07B} = {8FBF9772-F02F-8003-AB81-2B9B1971CB8D}
		{C4D0AF0A-E49B-0E75-845F-CB1798838E84} = {55B8E2B3-FCE6-896E-E028-E6393D6A9606}
		{943314E8-12E8-423D-B6CC-D6411CD12931} = {C4D0AF0A-E49B-0E75-845F-CB1798838E84}
		{6B0F4C0E-C505-C2B5-496E-0CB4EBB333F0} = {55B8E2B3-FCE6-896E-E028-E6393D6A9606}
		{B177BAC7-8107-4597-8680-16D7ED1B317A} = {6B0F4C0E-C505-C2B5-496E-0CB4EBB333F0}
		{9DAD1ED1-C8DE-4829-8170-3676E9189A5E} = {8FBF9772-F02F-8003-AB81-2B9B1971CB8D}
	EndGlobalSection
EndGlobal
